
Microsoft Visual Studio Solution File, Format Version 12.00
# Visual Studio 15
Project("{FAE04EC0-301F-11D3-BF4B-00C04F79EFBC}") = "Unity.Timeline", "Unity.Timeline.csproj", "{2733E73C-5C7D-0324-7611-A5CDE51F0D9B}"
EndProject
Project("{FAE04EC0-301F-11D3-BF4B-00C04F79EFBC}") = "Unity.2D.Aseprite.Editor", "Unity.2D.Aseprite.Editor.csproj", "{4FC2385E-DC1C-60B0-70EF-D8FA33D6C52E}"
EndProject
Project("{FAE04EC0-301F-11D3-BF4B-00C04F79EFBC}") = "Unity.Services.Core.Internal", "Unity.Services.Core.Internal.csproj", "{D22289ED-B997-05CF-E36F-8875FFCDCD20}"
EndProject
Project("{FAE04EC0-301F-11D3-BF4B-00C04F79EFBC}") = "Unity.PlasticSCM.Editor", "Unity.PlasticSCM.Editor.csproj", "{124428FE-ABBD-FA35-1025-A3FE6973F642}"
EndProject
Project("{FAE04EC0-301F-11D3-BF4B-00C04F79EFBC}") = "Unity.Mathematics", "Unity.Mathematics.csproj", "{394C3A6C-B999-6161-E775-B6E1C7576CD4}"
EndProject
Project("{FAE04EC0-301F-11D3-BF4B-00C04F79EFBC}") = "Unity.Timeline.Editor", "Unity.Timeline.Editor.csproj", "{02715A5A-4368-7915-0FED-CAA8099C2110}"
EndProject
Project("{FAE04EC0-301F-11D3-BF4B-00C04F79EFBC}") = "Unity.2D.IK.Runtime", "Unity.2D.IK.Runtime.csproj", "{2A0F8B5F-8E1E-388E-0D8C-055AE370858A}"
EndProject
Project("{FAE04EC0-301F-11D3-BF4B-00C04F79EFBC}") = "Unity.2D.Psdimporter.Editor", "Unity.2D.Psdimporter.Editor.csproj", "{E1F73523-B2CD-1C33-9B7E-2F9BB7449828}"
EndProject
Project("{FAE04EC0-301F-11D3-BF4B-00C04F79EFBC}") = "Unity.VisualScripting.Core.Editor", "Unity.VisualScripting.Core.Editor.csproj", "{F771AEFD-F049-060B-4196-AA10B9BC0B2F}"
EndProject
Project("{FAE04EC0-301F-11D3-BF4B-00C04F79EFBC}") = "Unity.TextMeshPro.Editor", "Unity.TextMeshPro.Editor.csproj", "{8AD9AE13-F9C8-5E50-058B-08A618DD3E4C}"
EndProject
Project("{FAE04EC0-301F-11D3-BF4B-00C04F79EFBC}") = "UnityEngine.TestRunner", "UnityEngine.TestRunner.csproj", "{D6035982-2AA1-6F3A-172E-66AB23767062}"
EndProject
Project("{FAE04EC0-301F-11D3-BF4B-00C04F79EFBC}") = "Unity.Burst", "Unity.Burst.csproj", "{22D6A0F5-7610-08A4-0D74-019466602A37}"
EndProject
Project("{FAE04EC0-301F-11D3-BF4B-00C04F79EFBC}") = "Unity.Services.Core.Environments.Editor", "Unity.Services.Core.Environments.Editor.csproj", "{C8A40A4E-B76F-F01C-678A-F6740C4A55F7}"
EndProject
Project("{FAE04EC0-301F-11D3-BF4B-00C04F79EFBC}") = "Unity.VisualScripting.Flow.Editor", "Unity.VisualScripting.Flow.Editor.csproj", "{3E949DFD-04BD-4830-65F8-3CC3DD4FA017}"
EndProject
Project("{FAE04EC0-301F-11D3-BF4B-00C04F79EFBC}") = "Cinemachine", "Cinemachine.csproj", "{8C497069-D5D1-C3E9-F22C-E34B1FEC8215}"
EndProject
Project("{FAE04EC0-301F-11D3-BF4B-00C04F79EFBC}") = "Unity.2D.SpriteShape.Editor", "Unity.2D.SpriteShape.Editor.csproj", "{5BB7AB8A-C4A3-068B-E9AD-9CBE5F8BA999}"
EndProject
Project("{FAE04EC0-301F-11D3-BF4B-00C04F79EFBC}") = "Unity.VisualStudio.Editor", "Unity.VisualStudio.Editor.csproj", "{C4734392-8F52-0715-F878-1B84480EA5E1}"
EndProject
Project("{FAE04EC0-301F-11D3-BF4B-00C04F79EFBC}") = "Unity.Services.Authentication", "Unity.Services.Authentication.csproj", "{C027840F-33A0-A9B1-CA73-01CF133CE75A}"
EndProject
Project("{FAE04EC0-301F-11D3-BF4B-00C04F79EFBC}") = "Unity.InputSystem", "Unity.InputSystem.csproj", "{9E17D156-1BB3-9DF8-49F6-86F5D21798B3}"
EndProject
Project("{FAE04EC0-301F-11D3-BF4B-00C04F79EFBC}") = "Unity.2D.Animation.Editor", "Unity.2D.Animation.Editor.csproj", "{BA42D30E-5CED-F796-8BD7-D7975093FA91}"
EndProject
Project("{FAE04EC0-301F-11D3-BF4B-00C04F79EFBC}") = "Unity.Services.Authentication.Editor", "Unity.Services.Authentication.Editor.csproj", "{BC1FDF88-CE3D-0D18-5B2A-DF493182155C}"
EndProject
Project("{FAE04EC0-301F-11D3-BF4B-00C04F79EFBC}") = "Unity.Searcher.Editor", "Unity.Searcher.Editor.csproj", "{3970BAA4-B15A-529A-4B5D-3DDFEBBB4428}"
EndProject
Project("{FAE04EC0-301F-11D3-BF4B-00C04F79EFBC}") = "Unity.Services.Core.Telemetry", "Unity.Services.Core.Telemetry.csproj", "{9C1A4477-DAE7-A4E8-653E-19E52E6B41B0}"
EndProject
Project("{FAE04EC0-301F-11D3-BF4B-00C04F79EFBC}") = "Unity.2D.SpriteShape.Runtime", "Unity.2D.SpriteShape.Runtime.csproj", "{86CAD122-6A08-C4E2-994C-3AC093EFEFEE}"
EndProject
Project("{FAE04EC0-301F-11D3-BF4B-00C04F79EFBC}") = "Unity.VisualScripting.Core", "Unity.VisualScripting.Core.csproj", "{477882A1-338A-E07C-C04D-22A2554195CD}"
EndProject
Project("{FAE04EC0-301F-11D3-BF4B-00C04F79EFBC}") = "Unity.Collections", "Unity.Collections.csproj", "{FB66462A-77C0-CA73-17E5-0624A1FD53C3}"
EndProject
Project("{FAE04EC0-301F-11D3-BF4B-00C04F79EFBC}") = "UnityEditor.TestRunner", "UnityEditor.TestRunner.csproj", "{66C3F3B8-4DE1-B9D0-5461-CE561A147701}"
EndProject
Project("{FAE04EC0-301F-11D3-BF4B-00C04F79EFBC}") = "Unity.VisualScripting.State.Editor", "Unity.VisualScripting.State.Editor.csproj", "{23C3C486-863B-B458-484C-5F7516E5042E}"
EndProject
Project("{FAE04EC0-301F-11D3-BF4B-00C04F79EFBC}") = "Unity.Services.Core.Editor", "Unity.Services.Core.Editor.csproj", "{E85D8D24-6926-A749-0A13-EBC37041878B}"
EndProject
Project("{FAE04EC0-301F-11D3-BF4B-00C04F79EFBC}") = "Unity.Burst.CodeGen", "Unity.Burst.CodeGen.csproj", "{97A908BB-B919-6133-A0EC-F62669D41590}"
EndProject
Project("{FAE04EC0-301F-11D3-BF4B-00C04F79EFBC}") = "Unity.Services.Core", "Unity.Services.Core.csproj", "{F9EC2D8D-1501-22BA-159A-C0D830865A86}"
EndProject
Project("{FAE04EC0-301F-11D3-BF4B-00C04F79EFBC}") = "Unity.Postprocessing.Editor", "Unity.Postprocessing.Editor.csproj", "{42496008-A832-BE6C-BF8D-5D60A0EA2D9D}"
EndProject
Project("{FAE04EC0-301F-11D3-BF4B-00C04F79EFBC}") = "Unity.VisualScripting.Flow", "Unity.VisualScripting.Flow.csproj", "{2D97CD71-8BA8-1715-9928-F7C367C26BF8}"
EndProject
Project("{FAE04EC0-301F-11D3-BF4B-00C04F79EFBC}") = "Assembly-CSharp", "Assembly-CSharp.csproj", "{A09293D0-D231-CF02-C53B-397AD640EA97}"
EndProject
Project("{FAE04EC0-301F-11D3-BF4B-00C04F79EFBC}") = "Unity.TextMeshPro", "Unity.TextMeshPro.csproj", "{B256A2E4-D24F-9744-5707-B25E3C217F33}"
EndProject
Project("{FAE04EC0-301F-11D3-BF4B-00C04F79EFBC}") = "Unity.2D.Tilemap.Extras.Editor", "Unity.2D.Tilemap.Extras.Editor.csproj", "{C727F897-8E68-9B97-CAE6-9E76038496D7}"
EndProject
Project("{FAE04EC0-301F-11D3-BF4B-00C04F79EFBC}") = "PsdPlugin", "PsdPlugin.csproj", "{1EB57D88-48FF-D7EA-9B48-EAEFB1969582}"
EndProject
Project("{FAE04EC0-301F-11D3-BF4B-00C04F79EFBC}") = "Unity.2D.IK.Editor", "Unity.2D.IK.Editor.csproj", "{035711FC-BA2B-85EF-E12E-FB960F341883}"
EndProject
Project("{FAE04EC0-301F-11D3-BF4B-00C04F79EFBC}") = "Unity.InternalAPIEngineBridge.001", "Unity.InternalAPIEngineBridge.001.csproj", "{712FD11F-D55C-0AFE-EBCD-606161FB17F6}"
EndProject
Project("{FAE04EC0-301F-11D3-BF4B-00C04F79EFBC}") = "com.unity.cinemachine.editor", "com.unity.cinemachine.editor.csproj", "{987A4AA9-FE64-72E6-5A0D-C62F3EC8F138}"
EndProject
Project("{FAE04EC0-301F-11D3-BF4B-00C04F79EFBC}") = "Unity.2D.Aseprite.Common", "Unity.2D.Aseprite.Common.csproj", "{73C29059-9306-9102-A821-BEAE445A5D0D}"
EndProject
Project("{FAE04EC0-301F-11D3-BF4B-00C04F79EFBC}") = "Unity.Burst.Editor", "Unity.Burst.Editor.csproj", "{1B3502A9-C8A0-6132-372A-8AE2C67301C2}"
EndProject
Project("{FAE04EC0-301F-11D3-BF4B-00C04F79EFBC}") = "Unity.2D.Common.Path.Editor", "Unity.2D.Common.Path.Editor.csproj", "{6792EBF5-559F-8EFB-2E92-D5B5F42BD6E4}"
EndProject
Project("{FAE04EC0-301F-11D3-BF4B-00C04F79EFBC}") = "Unity.2D.Common.Editor", "Unity.2D.Common.Editor.csproj", "{5055FDEF-0968-7E48-F25C-A6C6C3C7AF0A}"
EndProject
Project("{FAE04EC0-301F-11D3-BF4B-00C04F79EFBC}") = "Unity.Rider.Editor", "Unity.Rider.Editor.csproj", "{FDECB7F1-A109-18C8-98C6-2BF5191AF52F}"
EndProject
Project("{FAE04EC0-301F-11D3-BF4B-00C04F79EFBC}") = "Unity.VisualScripting.State", "Unity.VisualScripting.State.csproj", "{982E16A2-CF98-2C16-13AA-3DF536858A5C}"
EndProject
Project("{FAE04EC0-301F-11D3-BF4B-00C04F79EFBC}") = "Unity.RemoteConfig.Editor", "Unity.RemoteConfig.Editor.csproj", "{1A081EE9-F175-C131-E5C6-505AA75B1376}"
EndProject
Project("{FAE04EC0-301F-11D3-BF4B-00C04F79EFBC}") = "Unity.Postprocessing.Runtime", "Unity.Postprocessing.Runtime.csproj", "{3228A067-3408-8C5B-5B2C-37616E99D6F4}"
EndProject
Project("{FAE04EC0-301F-11D3-BF4B-00C04F79EFBC}") = "Unity.2D.PixelPerfect.Editor", "Unity.2D.PixelPerfect.Editor.csproj", "{F33D8176-F5DC-A4F9-F85C-51AD1CBC134A}"
EndProject
Project("{FAE04EC0-301F-11D3-BF4B-00C04F79EFBC}") = "Unity.Services.Core.Configuration.Editor", "Unity.Services.Core.Configuration.Editor.csproj", "{284183FA-6ECE-CB89-DBCF-6760578D1579}"
EndProject
Project("{FAE04EC0-301F-11D3-BF4B-00C04F79EFBC}") = "Unity.Services.Core.Configuration", "Unity.Services.Core.Configuration.csproj", "{61D98ABF-64F9-5411-A236-B6AF62D629F1}"
EndProject
Project("{FAE04EC0-301F-11D3-BF4B-00C04F79EFBC}") = "Unity.Services.Core.Environments.Internal", "Unity.Services.Core.Environments.Internal.csproj", "{18990EF8-AFD2-2805-435E-4B50C2AA7D8B}"
EndProject
Project("{FAE04EC0-301F-11D3-BF4B-00C04F79EFBC}") = "Unity.InputSystem.ForUI", "Unity.InputSystem.ForUI.csproj", "{C686159D-45E4-1905-6B18-0270ACC4212D}"
EndProject
Project("{FAE04EC0-301F-11D3-BF4B-00C04F79EFBC}") = "Unity.Services.Core.Scheduler", "Unity.Services.Core.Scheduler.csproj", "{E65A2C10-007C-2018-D5EA-D03BC192E34A}"
EndProject
Project("{FAE04EC0-301F-11D3-BF4B-00C04F79EFBC}") = "Unity.2D.Tilemap.Extras", "Unity.2D.Tilemap.Extras.csproj", "{D26604FD-8C37-8799-CC33-4879DC24C6BD}"
EndProject
Project("{FAE04EC0-301F-11D3-BF4B-00C04F79EFBC}") = "Unity.2D.Animation.Runtime", "Unity.2D.Animation.Runtime.csproj", "{DFD9D94A-F8AA-EC8B-9C6F-71979F6CBA36}"
EndProject
Project("{FAE04EC0-301F-11D3-BF4B-00C04F79EFBC}") = "Unity.Mathematics.Editor", "Unity.Mathematics.Editor.csproj", "{01313CC3-92DB-5BC9-305E-464BC18C6EDB}"
EndProject
Project("{FAE04EC0-301F-11D3-BF4B-00C04F79EFBC}") = "Unity.VisualScripting.SettingsProvider.Editor", "Unity.VisualScripting.SettingsProvider.Editor.csproj", "{9C7D2C4F-0D28-8F0E-3239-3BFD61FA0D66}"
EndProject
Project("{FAE04EC0-301F-11D3-BF4B-00C04F79EFBC}") = "Unity.Services.Core.Threading", "Unity.Services.Core.Threading.csproj", "{8691D351-8610-CFF1-E2DC-A5F352D194A7}"
EndProject
Project("{FAE04EC0-301F-11D3-BF4B-00C04F79EFBC}") = "Unity.Services.RemoteConfig", "Unity.Services.RemoteConfig.csproj", "{6F065311-CB94-6561-3A4A-784B8539E810}"
EndProject
Project("{FAE04EC0-301F-11D3-BF4B-00C04F79EFBC}") = "Unity.InputSystem.TestFramework", "Unity.InputSystem.TestFramework.csproj", "{1697203A-5429-5034-514C-C7F1473A1556}"
EndProject
Project("{FAE04EC0-301F-11D3-BF4B-00C04F79EFBC}") = "Unity.InternalAPIEditorBridge.005", "Unity.InternalAPIEditorBridge.005.csproj", "{7D1DE4F2-FFE3-276E-7228-D2B90379D133}"
EndProject
Project("{FAE04EC0-301F-11D3-BF4B-00C04F79EFBC}") = "Unity.VisualScripting.Shared.Editor", "Unity.VisualScripting.Shared.Editor.csproj", "{E92C4429-E2E8-7784-D655-82D91CDE9892}"
EndProject
Project("{FAE04EC0-301F-11D3-BF4B-00C04F79EFBC}") = "Unity.InternalAPIEditorBridge.001", "Unity.InternalAPIEditorBridge.001.csproj", "{03A981A0-CB66-76C5-3511-78D3943E75DC}"
EndProject
Project("{FAE04EC0-301F-11D3-BF4B-00C04F79EFBC}") = "Unity.Services.Core.Device", "Unity.Services.Core.Device.csproj", "{460A187B-B3E2-BE7B-48EB-9D150E60ED6F}"
EndProject
Project("{FAE04EC0-301F-11D3-BF4B-00C04F79EFBC}") = "Unity.Services.Core.Analytics", "Unity.Services.Core.Analytics.csproj", "{FA87C663-58CD-5A4A-3B0D-88C3D1BBD1AF}"
EndProject
Project("{FAE04EC0-301F-11D3-BF4B-00C04F79EFBC}") = "Unity.Collections.DocCodeSamples", "Unity.Collections.DocCodeSamples.csproj", "{E1F85FC2-F892-F68C-0A33-76EF56765C3D}"
EndProject
Project("{FAE04EC0-301F-11D3-BF4B-00C04F79EFBC}") = "Unity.RemoteConfig.Editor.Core", "Unity.RemoteConfig.Editor.Core.csproj", "{89AE41CC-24AF-9DC4-F759-C4A064251485}"
EndProject
Project("{FAE04EC0-301F-11D3-BF4B-00C04F79EFBC}") = "Unity.2D.Common.Runtime", "Unity.2D.Common.Runtime.csproj", "{8CC92394-A3BB-1280-9F81-DBFB52FAF1AC}"
EndProject
Project("{FAE04EC0-301F-11D3-BF4B-00C04F79EFBC}") = "Unity.Services.Core.Registration", "Unity.Services.Core.Registration.csproj", "{E598CB55-0EAF-4344-99B6-0C19CE747A25}"
EndProject
Project("{FAE04EC0-301F-11D3-BF4B-00C04F79EFBC}") = "Unity.2D.PixelPerfect", "Unity.2D.PixelPerfect.csproj", "{9EB30674-8118-606A-CDA7-D89F1009CD9B}"
EndProject
Project("{FAE04EC0-301F-11D3-BF4B-00C04F79EFBC}") = "Unity.CollabProxy.Editor", "Unity.CollabProxy.Editor.csproj", "{21D65773-F69B-AD7B-2095-3151229997C4}"
EndProject
Project("{FAE04EC0-301F-11D3-BF4B-00C04F79EFBC}") = "ScriptablePacker", "ScriptablePacker.csproj", "{4C60A8A6-E140-66E7-7570-9867307B3950}"
EndProject
Project("{FAE04EC0-301F-11D3-BF4B-00C04F79EFBC}") = "Unity.Services.Core.Networking", "Unity.Services.Core.Networking.csproj", "{14CC454E-857D-70A7-F403-28168BF3E73C}"
EndProject
Project("{FAE04EC0-301F-11D3-BF4B-00C04F79EFBC}") = "Unity.Services.Core.Environments", "Unity.Services.Core.Environments.csproj", "{501660E5-4852-EBD7-E659-2924E75C7711}"
EndProject
Project("{FAE04EC0-301F-11D3-BF4B-00C04F79EFBC}") = "Unity.Collections.BurstCompatibilityGen", "Unity.Collections.BurstCompatibilityGen.csproj", "{A6A3B918-9F71-FE76-03CE-B5C8A498306D}"
EndProject
Global
	GlobalSection(SolutionConfigurationPlatforms) = preSolution
		Debug|Any CPU = Debug|Any CPU
		Release|Any CPU = Release|Any CPU
	EndGlobalSection
	GlobalSection(ProjectConfigurationPlatforms) = postSolution
		{2733E73C-5C7D-0324-7611-A5CDE51F0D9B}.Debug|Any CPU.ActiveCfg = Debug|Any CPU
		{2733E73C-5C7D-0324-7611-A5CDE51F0D9B}.Debug|Any CPU.Build.0 = Debug|Any CPU
		{2733E73C-5C7D-0324-7611-A5CDE51F0D9B}.Release|Any CPU.ActiveCfg = Release|Any CPU
		{2733E73C-5C7D-0324-7611-A5CDE51F0D9B}.Release|Any CPU.Build.0 = Release|Any CPU
		{4FC2385E-DC1C-60B0-70EF-D8FA33D6C52E}.Debug|Any CPU.ActiveCfg = Debug|Any CPU
		{4FC2385E-DC1C-60B0-70EF-D8FA33D6C52E}.Debug|Any CPU.Build.0 = Debug|Any CPU
		{4FC2385E-DC1C-60B0-70EF-D8FA33D6C52E}.Release|Any CPU.ActiveCfg = Release|Any CPU
		{4FC2385E-DC1C-60B0-70EF-D8FA33D6C52E}.Release|Any CPU.Build.0 = Release|Any CPU
		{D22289ED-B997-05CF-E36F-8875FFCDCD20}.Debug|Any CPU.ActiveCfg = Debug|Any CPU
		{D22289ED-B997-05CF-E36F-8875FFCDCD20}.Debug|Any CPU.Build.0 = Debug|Any CPU
		{D22289ED-B997-05CF-E36F-8875FFCDCD20}.Release|Any CPU.ActiveCfg = Release|Any CPU
		{D22289ED-B997-05CF-E36F-8875FFCDCD20}.Release|Any CPU.Build.0 = Release|Any CPU
		{124428FE-ABBD-FA35-1025-A3FE6973F642}.Debug|Any CPU.ActiveCfg = Debug|Any CPU
		{124428FE-ABBD-FA35-1025-A3FE6973F642}.Debug|Any CPU.Build.0 = Debug|Any CPU
		{124428FE-ABBD-FA35-1025-A3FE6973F642}.Release|Any CPU.ActiveCfg = Release|Any CPU
		{124428FE-ABBD-FA35-1025-A3FE6973F642}.Release|Any CPU.Build.0 = Release|Any CPU
		{394C3A6C-B999-6161-E775-B6E1C7576CD4}.Debug|Any CPU.ActiveCfg = Debug|Any CPU
		{394C3A6C-B999-6161-E775-B6E1C7576CD4}.Debug|Any CPU.Build.0 = Debug|Any CPU
		{394C3A6C-B999-6161-E775-B6E1C7576CD4}.Release|Any CPU.ActiveCfg = Release|Any CPU
		{394C3A6C-B999-6161-E775-B6E1C7576CD4}.Release|Any CPU.Build.0 = Release|Any CPU
		{02715A5A-4368-7915-0FED-CAA8099C2110}.Debug|Any CPU.ActiveCfg = Debug|Any CPU
		{02715A5A-4368-7915-0FED-CAA8099C2110}.Debug|Any CPU.Build.0 = Debug|Any CPU
		{02715A5A-4368-7915-0FED-CAA8099C2110}.Release|Any CPU.ActiveCfg = Release|Any CPU
		{02715A5A-4368-7915-0FED-CAA8099C2110}.Release|Any CPU.Build.0 = Release|Any CPU
		{2A0F8B5F-8E1E-388E-0D8C-055AE370858A}.Debug|Any CPU.ActiveCfg = Debug|Any CPU
		{2A0F8B5F-8E1E-388E-0D8C-055AE370858A}.Debug|Any CPU.Build.0 = Debug|Any CPU
		{2A0F8B5F-8E1E-388E-0D8C-055AE370858A}.Release|Any CPU.ActiveCfg = Release|Any CPU
		{2A0F8B5F-8E1E-388E-0D8C-055AE370858A}.Release|Any CPU.Build.0 = Release|Any CPU
		{E1F73523-B2CD-1C33-9B7E-2F9BB7449828}.Debug|Any CPU.ActiveCfg = Debug|Any CPU
		{E1F73523-B2CD-1C33-9B7E-2F9BB7449828}.Debug|Any CPU.Build.0 = Debug|Any CPU
		{E1F73523-B2CD-1C33-9B7E-2F9BB7449828}.Release|Any CPU.ActiveCfg = Release|Any CPU
		{E1F73523-B2CD-1C33-9B7E-2F9BB7449828}.Release|Any CPU.Build.0 = Release|Any CPU
		{F771AEFD-F049-060B-4196-AA10B9BC0B2F}.Debug|Any CPU.ActiveCfg = Debug|Any CPU
		{F771AEFD-F049-060B-4196-AA10B9BC0B2F}.Debug|Any CPU.Build.0 = Debug|Any CPU
		{F771AEFD-F049-060B-4196-AA10B9BC0B2F}.Release|Any CPU.ActiveCfg = Release|Any CPU
		{F771AEFD-F049-060B-4196-AA10B9BC0B2F}.Release|Any CPU.Build.0 = Release|Any CPU
		{8AD9AE13-F9C8-5E50-058B-08A618DD3E4C}.Debug|Any CPU.ActiveCfg = Debug|Any CPU
		{8AD9AE13-F9C8-5E50-058B-08A618DD3E4C}.Debug|Any CPU.Build.0 = Debug|Any CPU
		{8AD9AE13-F9C8-5E50-058B-08A618DD3E4C}.Release|Any CPU.ActiveCfg = Release|Any CPU
		{8AD9AE13-F9C8-5E50-058B-08A618DD3E4C}.Release|Any CPU.Build.0 = Release|Any CPU
		{D6035982-2AA1-6F3A-172E-66AB23767062}.Debug|Any CPU.ActiveCfg = Debug|Any CPU
		{D6035982-2AA1-6F3A-172E-66AB23767062}.Debug|Any CPU.Build.0 = Debug|Any CPU
		{D6035982-2AA1-6F3A-172E-66AB23767062}.Release|Any CPU.ActiveCfg = Release|Any CPU
		{D6035982-2AA1-6F3A-172E-66AB23767062}.Release|Any CPU.Build.0 = Release|Any CPU
		{22D6A0F5-7610-08A4-0D74-019466602A37}.Debug|Any CPU.ActiveCfg = Debug|Any CPU
		{22D6A0F5-7610-08A4-0D74-019466602A37}.Debug|Any CPU.Build.0 = Debug|Any CPU
		{22D6A0F5-7610-08A4-0D74-019466602A37}.Release|Any CPU.ActiveCfg = Release|Any CPU
		{22D6A0F5-7610-08A4-0D74-019466602A37}.Release|Any CPU.Build.0 = Release|Any CPU
		{C8A40A4E-B76F-F01C-678A-F6740C4A55F7}.Debug|Any CPU.ActiveCfg = Debug|Any CPU
		{C8A40A4E-B76F-F01C-678A-F6740C4A55F7}.Debug|Any CPU.Build.0 = Debug|Any CPU
		{C8A40A4E-B76F-F01C-678A-F6740C4A55F7}.Release|Any CPU.ActiveCfg = Release|Any CPU
		{C8A40A4E-B76F-F01C-678A-F6740C4A55F7}.Release|Any CPU.Build.0 = Release|Any CPU
		{3E949DFD-04BD-4830-65F8-3CC3DD4FA017}.Debug|Any CPU.ActiveCfg = Debug|Any CPU
		{3E949DFD-04BD-4830-65F8-3CC3DD4FA017}.Debug|Any CPU.Build.0 = Debug|Any CPU
		{3E949DFD-04BD-4830-65F8-3CC3DD4FA017}.Release|Any CPU.ActiveCfg = Release|Any CPU
		{3E949DFD-04BD-4830-65F8-3CC3DD4FA017}.Release|Any CPU.Build.0 = Release|Any CPU
		{8C497069-D5D1-C3E9-F22C-E34B1FEC8215}.Debug|Any CPU.ActiveCfg = Debug|Any CPU
		{8C497069-D5D1-C3E9-F22C-E34B1FEC8215}.Debug|Any CPU.Build.0 = Debug|Any CPU
		{8C497069-D5D1-C3E9-F22C-E34B1FEC8215}.Release|Any CPU.ActiveCfg = Release|Any CPU
		{8C497069-D5D1-C3E9-F22C-E34B1FEC8215}.Release|Any CPU.Build.0 = Release|Any CPU
		{5BB7AB8A-C4A3-068B-E9AD-9CBE5F8BA999}.Debug|Any CPU.ActiveCfg = Debug|Any CPU
		{5BB7AB8A-C4A3-068B-E9AD-9CBE5F8BA999}.Debug|Any CPU.Build.0 = Debug|Any CPU
		{5BB7AB8A-C4A3-068B-E9AD-9CBE5F8BA999}.Release|Any CPU.ActiveCfg = Release|Any CPU
		{5BB7AB8A-C4A3-068B-E9AD-9CBE5F8BA999}.Release|Any CPU.Build.0 = Release|Any CPU
		{C4734392-8F52-0715-F878-1B84480EA5E1}.Debug|Any CPU.ActiveCfg = Debug|Any CPU
		{C4734392-8F52-0715-F878-1B84480EA5E1}.Debug|Any CPU.Build.0 = Debug|Any CPU
		{C4734392-8F52-0715-F878-1B84480EA5E1}.Release|Any CPU.ActiveCfg = Release|Any CPU
		{C4734392-8F52-0715-F878-1B84480EA5E1}.Release|Any CPU.Build.0 = Release|Any CPU
		{C027840F-33A0-A9B1-CA73-01CF133CE75A}.Debug|Any CPU.ActiveCfg = Debug|Any CPU
		{C027840F-33A0-A9B1-CA73-01CF133CE75A}.Debug|Any CPU.Build.0 = Debug|Any CPU
		{C027840F-33A0-A9B1-CA73-01CF133CE75A}.Release|Any CPU.ActiveCfg = Release|Any CPU
		{C027840F-33A0-A9B1-CA73-01CF133CE75A}.Release|Any CPU.Build.0 = Release|Any CPU
		{9E17D156-1BB3-9DF8-49F6-86F5D21798B3}.Debug|Any CPU.ActiveCfg = Debug|Any CPU
		{9E17D156-1BB3-9DF8-49F6-86F5D21798B3}.Debug|Any CPU.Build.0 = Debug|Any CPU
		{9E17D156-1BB3-9DF8-49F6-86F5D21798B3}.Release|Any CPU.ActiveCfg = Release|Any CPU
		{9E17D156-1BB3-9DF8-49F6-86F5D21798B3}.Release|Any CPU.Build.0 = Release|Any CPU
		{BA42D30E-5CED-F796-8BD7-D7975093FA91}.Debug|Any CPU.ActiveCfg = Debug|Any CPU
		{BA42D30E-5CED-F796-8BD7-D7975093FA91}.Debug|Any CPU.Build.0 = Debug|Any CPU
		{BA42D30E-5CED-F796-8BD7-D7975093FA91}.Release|Any CPU.ActiveCfg = Release|Any CPU
		{BA42D30E-5CED-F796-8BD7-D7975093FA91}.Release|Any CPU.Build.0 = Release|Any CPU
		{BC1FDF88-CE3D-0D18-5B2A-DF493182155C}.Debug|Any CPU.ActiveCfg = Debug|Any CPU
		{BC1FDF88-CE3D-0D18-5B2A-DF493182155C}.Debug|Any CPU.Build.0 = Debug|Any CPU
		{BC1FDF88-CE3D-0D18-5B2A-DF493182155C}.Release|Any CPU.ActiveCfg = Release|Any CPU
		{BC1FDF88-CE3D-0D18-5B2A-DF493182155C}.Release|Any CPU.Build.0 = Release|Any CPU
		{3970BAA4-B15A-529A-4B5D-3DDFEBBB4428}.Debug|Any CPU.ActiveCfg = Debug|Any CPU
		{3970BAA4-B15A-529A-4B5D-3DDFEBBB4428}.Debug|Any CPU.Build.0 = Debug|Any CPU
		{3970BAA4-B15A-529A-4B5D-3DDFEBBB4428}.Release|Any CPU.ActiveCfg = Release|Any CPU
		{3970BAA4-B15A-529A-4B5D-3DDFEBBB4428}.Release|Any CPU.Build.0 = Release|Any CPU
		{9C1A4477-DAE7-A4E8-653E-19E52E6B41B0}.Debug|Any CPU.ActiveCfg = Debug|Any CPU
		{9C1A4477-DAE7-A4E8-653E-19E52E6B41B0}.Debug|Any CPU.Build.0 = Debug|Any CPU
		{9C1A4477-DAE7-A4E8-653E-19E52E6B41B0}.Release|Any CPU.ActiveCfg = Release|Any CPU
		{9C1A4477-DAE7-A4E8-653E-19E52E6B41B0}.Release|Any CPU.Build.0 = Release|Any CPU
		{86CAD122-6A08-C4E2-994C-3AC093EFEFEE}.Debug|Any CPU.ActiveCfg = Debug|Any CPU
		{86CAD122-6A08-C4E2-994C-3AC093EFEFEE}.Debug|Any CPU.Build.0 = Debug|Any CPU
		{86CAD122-6A08-C4E2-994C-3AC093EFEFEE}.Release|Any CPU.ActiveCfg = Release|Any CPU
		{86CAD122-6A08-C4E2-994C-3AC093EFEFEE}.Release|Any CPU.Build.0 = Release|Any CPU
		{477882A1-338A-E07C-C04D-22A2554195CD}.Debug|Any CPU.ActiveCfg = Debug|Any CPU
		{477882A1-338A-E07C-C04D-22A2554195CD}.Debug|Any CPU.Build.0 = Debug|Any CPU
		{477882A1-338A-E07C-C04D-22A2554195CD}.Release|Any CPU.ActiveCfg = Release|Any CPU
		{477882A1-338A-E07C-C04D-22A2554195CD}.Release|Any CPU.Build.0 = Release|Any CPU
		{FB66462A-77C0-CA73-17E5-0624A1FD53C3}.Debug|Any CPU.ActiveCfg = Debug|Any CPU
		{FB66462A-77C0-CA73-17E5-0624A1FD53C3}.Debug|Any CPU.Build.0 = Debug|Any CPU
		{FB66462A-77C0-CA73-17E5-0624A1FD53C3}.Release|Any CPU.ActiveCfg = Release|Any CPU
		{FB66462A-77C0-CA73-17E5-0624A1FD53C3}.Release|Any CPU.Build.0 = Release|Any CPU
		{66C3F3B8-4DE1-B9D0-5461-CE561A147701}.Debug|Any CPU.ActiveCfg = Debug|Any CPU
		{66C3F3B8-4DE1-B9D0-5461-CE561A147701}.Debug|Any CPU.Build.0 = Debug|Any CPU
		{66C3F3B8-4DE1-B9D0-5461-CE561A147701}.Release|Any CPU.ActiveCfg = Release|Any CPU
		{66C3F3B8-4DE1-B9D0-5461-CE561A147701}.Release|Any CPU.Build.0 = Release|Any CPU
		{23C3C486-863B-B458-484C-5F7516E5042E}.Debug|Any CPU.ActiveCfg = Debug|Any CPU
		{23C3C486-863B-B458-484C-5F7516E5042E}.Debug|Any CPU.Build.0 = Debug|Any CPU
		{23C3C486-863B-B458-484C-5F7516E5042E}.Release|Any CPU.ActiveCfg = Release|Any CPU
		{23C3C486-863B-B458-484C-5F7516E5042E}.Release|Any CPU.Build.0 = Release|Any CPU
		{E85D8D24-6926-A749-0A13-EBC37041878B}.Debug|Any CPU.ActiveCfg = Debug|Any CPU
		{E85D8D24-6926-A749-0A13-EBC37041878B}.Debug|Any CPU.Build.0 = Debug|Any CPU
		{E85D8D24-6926-A749-0A13-EBC37041878B}.Release|Any CPU.ActiveCfg = Release|Any CPU
		{E85D8D24-6926-A749-0A13-EBC37041878B}.Release|Any CPU.Build.0 = Release|Any CPU
		{97A908BB-B919-6133-A0EC-F62669D41590}.Debug|Any CPU.ActiveCfg = Debug|Any CPU
		{97A908BB-B919-6133-A0EC-F62669D41590}.Debug|Any CPU.Build.0 = Debug|Any CPU
		{97A908BB-B919-6133-A0EC-F62669D41590}.Release|Any CPU.ActiveCfg = Release|Any CPU
		{97A908BB-B919-6133-A0EC-F62669D41590}.Release|Any CPU.Build.0 = Release|Any CPU
		{F9EC2D8D-1501-22BA-159A-C0D830865A86}.Debug|Any CPU.ActiveCfg = Debug|Any CPU
		{F9EC2D8D-1501-22BA-159A-C0D830865A86}.Debug|Any CPU.Build.0 = Debug|Any CPU
		{F9EC2D8D-1501-22BA-159A-C0D830865A86}.Release|Any CPU.ActiveCfg = Release|Any CPU
		{F9EC2D8D-1501-22BA-159A-C0D830865A86}.Release|Any CPU.Build.0 = Release|Any CPU
		{42496008-A832-BE6C-BF8D-5D60A0EA2D9D}.Debug|Any CPU.ActiveCfg = Debug|Any CPU
		{42496008-A832-BE6C-BF8D-5D60A0EA2D9D}.Debug|Any CPU.Build.0 = Debug|Any CPU
		{42496008-A832-BE6C-BF8D-5D60A0EA2D9D}.Release|Any CPU.ActiveCfg = Release|Any CPU
		{42496008-A832-BE6C-BF8D-5D60A0EA2D9D}.Release|Any CPU.Build.0 = Release|Any CPU
		{2D97CD71-8BA8-1715-9928-F7C367C26BF8}.Debug|Any CPU.ActiveCfg = Debug|Any CPU
		{2D97CD71-8BA8-1715-9928-F7C367C26BF8}.Debug|Any CPU.Build.0 = Debug|Any CPU
		{2D97CD71-8BA8-1715-9928-F7C367C26BF8}.Release|Any CPU.ActiveCfg = Release|Any CPU
		{2D97CD71-8BA8-1715-9928-F7C367C26BF8}.Release|Any CPU.Build.0 = Release|Any CPU
		{A09293D0-D231-CF02-C53B-397AD640EA97}.Debug|Any CPU.ActiveCfg = Debug|Any CPU
		{A09293D0-D231-CF02-C53B-397AD640EA97}.Debug|Any CPU.Build.0 = Debug|Any CPU
		{A09293D0-D231-CF02-C53B-397AD640EA97}.Release|Any CPU.ActiveCfg = Release|Any CPU
		{A09293D0-D231-CF02-C53B-397AD640EA97}.Release|Any CPU.Build.0 = Release|Any CPU
		{B256A2E4-D24F-9744-5707-B25E3C217F33}.Debug|Any CPU.ActiveCfg = Debug|Any CPU
		{B256A2E4-D24F-9744-5707-B25E3C217F33}.Debug|Any CPU.Build.0 = Debug|Any CPU
		{B256A2E4-D24F-9744-5707-B25E3C217F33}.Release|Any CPU.ActiveCfg = Release|Any CPU
		{B256A2E4-D24F-9744-5707-B25E3C217F33}.Release|Any CPU.Build.0 = Release|Any CPU
		{C727F897-8E68-9B97-CAE6-9E76038496D7}.Debug|Any CPU.ActiveCfg = Debug|Any CPU
		{C727F897-8E68-9B97-CAE6-9E76038496D7}.Debug|Any CPU.Build.0 = Debug|Any CPU
		{C727F897-8E68-9B97-CAE6-9E76038496D7}.Release|Any CPU.ActiveCfg = Release|Any CPU
		{C727F897-8E68-9B97-CAE6-9E76038496D7}.Release|Any CPU.Build.0 = Release|Any CPU
		{1EB57D88-48FF-D7EA-9B48-EAEFB1969582}.Debug|Any CPU.ActiveCfg = Debug|Any CPU
		{1EB57D88-48FF-D7EA-9B48-EAEFB1969582}.Debug|Any CPU.Build.0 = Debug|Any CPU
		{1EB57D88-48FF-D7EA-9B48-EAEFB1969582}.Release|Any CPU.ActiveCfg = Release|Any CPU
		{1EB57D88-48FF-D7EA-9B48-EAEFB1969582}.Release|Any CPU.Build.0 = Release|Any CPU
		{035711FC-BA2B-85EF-E12E-FB960F341883}.Debug|Any CPU.ActiveCfg = Debug|Any CPU
		{035711FC-BA2B-85EF-E12E-FB960F341883}.Debug|Any CPU.Build.0 = Debug|Any CPU
		{035711FC-BA2B-85EF-E12E-FB960F341883}.Release|Any CPU.ActiveCfg = Release|Any CPU
		{035711FC-BA2B-85EF-E12E-FB960F341883}.Release|Any CPU.Build.0 = Release|Any CPU
		{712FD11F-D55C-0AFE-EBCD-606161FB17F6}.Debug|Any CPU.ActiveCfg = Debug|Any CPU
		{712FD11F-D55C-0AFE-EBCD-606161FB17F6}.Debug|Any CPU.Build.0 = Debug|Any CPU
		{712FD11F-D55C-0AFE-EBCD-606161FB17F6}.Release|Any CPU.ActiveCfg = Release|Any CPU
		{712FD11F-D55C-0AFE-EBCD-606161FB17F6}.Release|Any CPU.Build.0 = Release|Any CPU
		{987A4AA9-FE64-72E6-5A0D-C62F3EC8F138}.Debug|Any CPU.ActiveCfg = Debug|Any CPU
		{987A4AA9-FE64-72E6-5A0D-C62F3EC8F138}.Debug|Any CPU.Build.0 = Debug|Any CPU
		{987A4AA9-FE64-72E6-5A0D-C62F3EC8F138}.Release|Any CPU.ActiveCfg = Release|Any CPU
		{987A4AA9-FE64-72E6-5A0D-C62F3EC8F138}.Release|Any CPU.Build.0 = Release|Any CPU
		{73C29059-9306-9102-A821-BEAE445A5D0D}.Debug|Any CPU.ActiveCfg = Debug|Any CPU
		{73C29059-9306-9102-A821-BEAE445A5D0D}.Debug|Any CPU.Build.0 = Debug|Any CPU
		{73C29059-9306-9102-A821-BEAE445A5D0D}.Release|Any CPU.ActiveCfg = Release|Any CPU
		{73C29059-9306-9102-A821-BEAE445A5D0D}.Release|Any CPU.Build.0 = Release|Any CPU
		{1B3502A9-C8A0-6132-372A-8AE2C67301C2}.Debug|Any CPU.ActiveCfg = Debug|Any CPU
		{1B3502A9-C8A0-6132-372A-8AE2C67301C2}.Debug|Any CPU.Build.0 = Debug|Any CPU
		{1B3502A9-C8A0-6132-372A-8AE2C67301C2}.Release|Any CPU.ActiveCfg = Release|Any CPU
		{1B3502A9-C8A0-6132-372A-8AE2C67301C2}.Release|Any CPU.Build.0 = Release|Any CPU
		{6792EBF5-559F-8EFB-2E92-D5B5F42BD6E4}.Debug|Any CPU.ActiveCfg = Debug|Any CPU
		{6792EBF5-559F-8EFB-2E92-D5B5F42BD6E4}.Debug|Any CPU.Build.0 = Debug|Any CPU
		{6792EBF5-559F-8EFB-2E92-D5B5F42BD6E4}.Release|Any CPU.ActiveCfg = Release|Any CPU
		{6792EBF5-559F-8EFB-2E92-D5B5F42BD6E4}.Release|Any CPU.Build.0 = Release|Any CPU
		{5055FDEF-0968-7E48-F25C-A6C6C3C7AF0A}.Debug|Any CPU.ActiveCfg = Debug|Any CPU
		{5055FDEF-0968-7E48-F25C-A6C6C3C7AF0A}.Debug|Any CPU.Build.0 = Debug|Any CPU
		{5055FDEF-0968-7E48-F25C-A6C6C3C7AF0A}.Release|Any CPU.ActiveCfg = Release|Any CPU
		{5055FDEF-0968-7E48-F25C-A6C6C3C7AF0A}.Release|Any CPU.Build.0 = Release|Any CPU
		{FDECB7F1-A109-18C8-98C6-2BF5191AF52F}.Debug|Any CPU.ActiveCfg = Debug|Any CPU
		{FDECB7F1-A109-18C8-98C6-2BF5191AF52F}.Debug|Any CPU.Build.0 = Debug|Any CPU
		{FDECB7F1-A109-18C8-98C6-2BF5191AF52F}.Release|Any CPU.ActiveCfg = Release|Any CPU
		{FDECB7F1-A109-18C8-98C6-2BF5191AF52F}.Release|Any CPU.Build.0 = Release|Any CPU
		{982E16A2-CF98-2C16-13AA-3DF536858A5C}.Debug|Any CPU.ActiveCfg = Debug|Any CPU
		{982E16A2-CF98-2C16-13AA-3DF536858A5C}.Debug|Any CPU.Build.0 = Debug|Any CPU
		{982E16A2-CF98-2C16-13AA-3DF536858A5C}.Release|Any CPU.ActiveCfg = Release|Any CPU
		{982E16A2-CF98-2C16-13AA-3DF536858A5C}.Release|Any CPU.Build.0 = Release|Any CPU
		{1A081EE9-F175-C131-E5C6-505AA75B1376}.Debug|Any CPU.ActiveCfg = Debug|Any CPU
		{1A081EE9-F175-C131-E5C6-505AA75B1376}.Debug|Any CPU.Build.0 = Debug|Any CPU
		{1A081EE9-F175-C131-E5C6-505AA75B1376}.Release|Any CPU.ActiveCfg = Release|Any CPU
		{1A081EE9-F175-C131-E5C6-505AA75B1376}.Release|Any CPU.Build.0 = Release|Any CPU
		{3228A067-3408-8C5B-5B2C-37616E99D6F4}.Debug|Any CPU.ActiveCfg = Debug|Any CPU
		{3228A067-3408-8C5B-5B2C-37616E99D6F4}.Debug|Any CPU.Build.0 = Debug|Any CPU
		{3228A067-3408-8C5B-5B2C-37616E99D6F4}.Release|Any CPU.ActiveCfg = Release|Any CPU
		{3228A067-3408-8C5B-5B2C-37616E99D6F4}.Release|Any CPU.Build.0 = Release|Any CPU
		{F33D8176-F5DC-A4F9-F85C-51AD1CBC134A}.Debug|Any CPU.ActiveCfg = Debug|Any CPU
		{F33D8176-F5DC-A4F9-F85C-51AD1CBC134A}.Debug|Any CPU.Build.0 = Debug|Any CPU
		{F33D8176-F5DC-A4F9-F85C-51AD1CBC134A}.Release|Any CPU.ActiveCfg = Release|Any CPU
		{F33D8176-F5DC-A4F9-F85C-51AD1CBC134A}.Release|Any CPU.Build.0 = Release|Any CPU
		{284183FA-6ECE-CB89-DBCF-6760578D1579}.Debug|Any CPU.ActiveCfg = Debug|Any CPU
		{284183FA-6ECE-CB89-DBCF-6760578D1579}.Debug|Any CPU.Build.0 = Debug|Any CPU
		{284183FA-6ECE-CB89-DBCF-6760578D1579}.Release|Any CPU.ActiveCfg = Release|Any CPU
		{284183FA-6ECE-CB89-DBCF-6760578D1579}.Release|Any CPU.Build.0 = Release|Any CPU
		{61D98ABF-64F9-5411-A236-B6AF62D629F1}.Debug|Any CPU.ActiveCfg = Debug|Any CPU
		{61D98ABF-64F9-5411-A236-B6AF62D629F1}.Debug|Any CPU.Build.0 = Debug|Any CPU
		{61D98ABF-64F9-5411-A236-B6AF62D629F1}.Release|Any CPU.ActiveCfg = Release|Any CPU
		{61D98ABF-64F9-5411-A236-B6AF62D629F1}.Release|Any CPU.Build.0 = Release|Any CPU
		{18990EF8-AFD2-2805-435E-4B50C2AA7D8B}.Debug|Any CPU.ActiveCfg = Debug|Any CPU
		{18990EF8-AFD2-2805-435E-4B50C2AA7D8B}.Debug|Any CPU.Build.0 = Debug|Any CPU
		{18990EF8-AFD2-2805-435E-4B50C2AA7D8B}.Release|Any CPU.ActiveCfg = Release|Any CPU
		{18990EF8-AFD2-2805-435E-4B50C2AA7D8B}.Release|Any CPU.Build.0 = Release|Any CPU
		{C686159D-45E4-1905-6B18-0270ACC4212D}.Debug|Any CPU.ActiveCfg = Debug|Any CPU
		{C686159D-45E4-1905-6B18-0270ACC4212D}.Debug|Any CPU.Build.0 = Debug|Any CPU
		{C686159D-45E4-1905-6B18-0270ACC4212D}.Release|Any CPU.ActiveCfg = Release|Any CPU
		{C686159D-45E4-1905-6B18-0270ACC4212D}.Release|Any CPU.Build.0 = Release|Any CPU
		{E65A2C10-007C-2018-D5EA-D03BC192E34A}.Debug|Any CPU.ActiveCfg = Debug|Any CPU
		{E65A2C10-007C-2018-D5EA-D03BC192E34A}.Debug|Any CPU.Build.0 = Debug|Any CPU
		{E65A2C10-007C-2018-D5EA-D03BC192E34A}.Release|Any CPU.ActiveCfg = Release|Any CPU
		{E65A2C10-007C-2018-D5EA-D03BC192E34A}.Release|Any CPU.Build.0 = Release|Any CPU
		{D26604FD-8C37-8799-CC33-4879DC24C6BD}.Debug|Any CPU.ActiveCfg = Debug|Any CPU
		{D26604FD-8C37-8799-CC33-4879DC24C6BD}.Debug|Any CPU.Build.0 = Debug|Any CPU
		{D26604FD-8C37-8799-CC33-4879DC24C6BD}.Release|Any CPU.ActiveCfg = Release|Any CPU
		{D26604FD-8C37-8799-CC33-4879DC24C6BD}.Release|Any CPU.Build.0 = Release|Any CPU
		{DFD9D94A-F8AA-EC8B-9C6F-71979F6CBA36}.Debug|Any CPU.ActiveCfg = Debug|Any CPU
		{DFD9D94A-F8AA-EC8B-9C6F-71979F6CBA36}.Debug|Any CPU.Build.0 = Debug|Any CPU
		{DFD9D94A-F8AA-EC8B-9C6F-71979F6CBA36}.Release|Any CPU.ActiveCfg = Release|Any CPU
		{DFD9D94A-F8AA-EC8B-9C6F-71979F6CBA36}.Release|Any CPU.Build.0 = Release|Any CPU
		{01313CC3-92DB-5BC9-305E-464BC18C6EDB}.Debug|Any CPU.ActiveCfg = Debug|Any CPU
		{01313CC3-92DB-5BC9-305E-464BC18C6EDB}.Debug|Any CPU.Build.0 = Debug|Any CPU
		{01313CC3-92DB-5BC9-305E-464BC18C6EDB}.Release|Any CPU.ActiveCfg = Release|Any CPU
		{01313CC3-92DB-5BC9-305E-464BC18C6EDB}.Release|Any CPU.Build.0 = Release|Any CPU
		{9C7D2C4F-0D28-8F0E-3239-3BFD61FA0D66}.Debug|Any CPU.ActiveCfg = Debug|Any CPU
		{9C7D2C4F-0D28-8F0E-3239-3BFD61FA0D66}.Debug|Any CPU.Build.0 = Debug|Any CPU
		{9C7D2C4F-0D28-8F0E-3239-3BFD61FA0D66}.Release|Any CPU.ActiveCfg = Release|Any CPU
		{9C7D2C4F-0D28-8F0E-3239-3BFD61FA0D66}.Release|Any CPU.Build.0 = Release|Any CPU
		{8691D351-8610-CFF1-E2DC-A5F352D194A7}.Debug|Any CPU.ActiveCfg = Debug|Any CPU
		{8691D351-8610-CFF1-E2DC-A5F352D194A7}.Debug|Any CPU.Build.0 = Debug|Any CPU
		{8691D351-8610-CFF1-E2DC-A5F352D194A7}.Release|Any CPU.ActiveCfg = Release|Any CPU
		{8691D351-8610-CFF1-E2DC-A5F352D194A7}.Release|Any CPU.Build.0 = Release|Any CPU
		{6F065311-CB94-6561-3A4A-784B8539E810}.Debug|Any CPU.ActiveCfg = Debug|Any CPU
		{6F065311-CB94-6561-3A4A-784B8539E810}.Debug|Any CPU.Build.0 = Debug|Any CPU
		{6F065311-CB94-6561-3A4A-784B8539E810}.Release|Any CPU.ActiveCfg = Release|Any CPU
		{6F065311-CB94-6561-3A4A-784B8539E810}.Release|Any CPU.Build.0 = Release|Any CPU
		{1697203A-5429-5034-514C-C7F1473A1556}.Debug|Any CPU.ActiveCfg = Debug|Any CPU
		{1697203A-5429-5034-514C-C7F1473A1556}.Debug|Any CPU.Build.0 = Debug|Any CPU
		{1697203A-5429-5034-514C-C7F1473A1556}.Release|Any CPU.ActiveCfg = Release|Any CPU
		{1697203A-5429-5034-514C-C7F1473A1556}.Release|Any CPU.Build.0 = Release|Any CPU
		{7D1DE4F2-FFE3-276E-7228-D2B90379D133}.Debug|Any CPU.ActiveCfg = Debug|Any CPU
		{7D1DE4F2-FFE3-276E-7228-D2B90379D133}.Debug|Any CPU.Build.0 = Debug|Any CPU
		{7D1DE4F2-FFE3-276E-7228-D2B90379D133}.Release|Any CPU.ActiveCfg = Release|Any CPU
		{7D1DE4F2-FFE3-276E-7228-D2B90379D133}.Release|Any CPU.Build.0 = Release|Any CPU
		{E92C4429-E2E8-7784-D655-82D91CDE9892}.Debug|Any CPU.ActiveCfg = Debug|Any CPU
		{E92C4429-E2E8-7784-D655-82D91CDE9892}.Debug|Any CPU.Build.0 = Debug|Any CPU
		{E92C4429-E2E8-7784-D655-82D91CDE9892}.Release|Any CPU.ActiveCfg = Release|Any CPU
		{E92C4429-E2E8-7784-D655-82D91CDE9892}.Release|Any CPU.Build.0 = Release|Any CPU
		{03A981A0-CB66-76C5-3511-78D3943E75DC}.Debug|Any CPU.ActiveCfg = Debug|Any CPU
		{03A981A0-CB66-76C5-3511-78D3943E75DC}.Debug|Any CPU.Build.0 = Debug|Any CPU
		{03A981A0-CB66-76C5-3511-78D3943E75DC}.Release|Any CPU.ActiveCfg = Release|Any CPU
		{03A981A0-CB66-76C5-3511-78D3943E75DC}.Release|Any CPU.Build.0 = Release|Any CPU
		{460A187B-B3E2-BE7B-48EB-9D150E60ED6F}.Debug|Any CPU.ActiveCfg = Debug|Any CPU
		{460A187B-B3E2-BE7B-48EB-9D150E60ED6F}.Debug|Any CPU.Build.0 = Debug|Any CPU
		{460A187B-B3E2-BE7B-48EB-9D150E60ED6F}.Release|Any CPU.ActiveCfg = Release|Any CPU
		{460A187B-B3E2-BE7B-48EB-9D150E60ED6F}.Release|Any CPU.Build.0 = Release|Any CPU
		{FA87C663-58CD-5A4A-3B0D-88C3D1BBD1AF}.Debug|Any CPU.ActiveCfg = Debug|Any CPU
		{FA87C663-58CD-5A4A-3B0D-88C3D1BBD1AF}.Debug|Any CPU.Build.0 = Debug|Any CPU
		{FA87C663-58CD-5A4A-3B0D-88C3D1BBD1AF}.Release|Any CPU.ActiveCfg = Release|Any CPU
		{FA87C663-58CD-5A4A-3B0D-88C3D1BBD1AF}.Release|Any CPU.Build.0 = Release|Any CPU
		{E1F85FC2-F892-F68C-0A33-76EF56765C3D}.Debug|Any CPU.ActiveCfg = Debug|Any CPU
		{E1F85FC2-F892-F68C-0A33-76EF56765C3D}.Debug|Any CPU.Build.0 = Debug|Any CPU
		{E1F85FC2-F892-F68C-0A33-76EF56765C3D}.Release|Any CPU.ActiveCfg = Release|Any CPU
		{E1F85FC2-F892-F68C-0A33-76EF56765C3D}.Release|Any CPU.Build.0 = Release|Any CPU
		{89AE41CC-24AF-9DC4-F759-C4A064251485}.Debug|Any CPU.ActiveCfg = Debug|Any CPU
		{89AE41CC-24AF-9DC4-F759-C4A064251485}.Debug|Any CPU.Build.0 = Debug|Any CPU
		{89AE41CC-24AF-9DC4-F759-C4A064251485}.Release|Any CPU.ActiveCfg = Release|Any CPU
		{89AE41CC-24AF-9DC4-F759-C4A064251485}.Release|Any CPU.Build.0 = Release|Any CPU
		{8CC92394-A3BB-1280-9F81-DBFB52FAF1AC}.Debug|Any CPU.ActiveCfg = Debug|Any CPU
		{8CC92394-A3BB-1280-9F81-DBFB52FAF1AC}.Debug|Any CPU.Build.0 = Debug|Any CPU
		{8CC92394-A3BB-1280-9F81-DBFB52FAF1AC}.Release|Any CPU.ActiveCfg = Release|Any CPU
		{8CC92394-A3BB-1280-9F81-DBFB52FAF1AC}.Release|Any CPU.Build.0 = Release|Any CPU
		{E598CB55-0EAF-4344-99B6-0C19CE747A25}.Debug|Any CPU.ActiveCfg = Debug|Any CPU
		{E598CB55-0EAF-4344-99B6-0C19CE747A25}.Debug|Any CPU.Build.0 = Debug|Any CPU
		{E598CB55-0EAF-4344-99B6-0C19CE747A25}.Release|Any CPU.ActiveCfg = Release|Any CPU
		{E598CB55-0EAF-4344-99B6-0C19CE747A25}.Release|Any CPU.Build.0 = Release|Any CPU
		{9EB30674-8118-606A-CDA7-D89F1009CD9B}.Debug|Any CPU.ActiveCfg = Debug|Any CPU
		{9EB30674-8118-606A-CDA7-D89F1009CD9B}.Debug|Any CPU.Build.0 = Debug|Any CPU
		{9EB30674-8118-606A-CDA7-D89F1009CD9B}.Release|Any CPU.ActiveCfg = Release|Any CPU
		{9EB30674-8118-606A-CDA7-D89F1009CD9B}.Release|Any CPU.Build.0 = Release|Any CPU
		{21D65773-F69B-AD7B-2095-3151229997C4}.Debug|Any CPU.ActiveCfg = Debug|Any CPU
		{21D65773-F69B-AD7B-2095-3151229997C4}.Debug|Any CPU.Build.0 = Debug|Any CPU
		{21D65773-F69B-AD7B-2095-3151229997C4}.Release|Any CPU.ActiveCfg = Release|Any CPU
		{21D65773-F69B-AD7B-2095-3151229997C4}.Release|Any CPU.Build.0 = Release|Any CPU
		{4C60A8A6-E140-66E7-7570-9867307B3950}.Debug|Any CPU.ActiveCfg = Debug|Any CPU
		{4C60A8A6-E140-66E7-7570-9867307B3950}.Debug|Any CPU.Build.0 = Debug|Any CPU
		{4C60A8A6-E140-66E7-7570-9867307B3950}.Release|Any CPU.ActiveCfg = Release|Any CPU
		{4C60A8A6-E140-66E7-7570-9867307B3950}.Release|Any CPU.Build.0 = Release|Any CPU
		{14CC454E-857D-70A7-F403-28168BF3E73C}.Debug|Any CPU.ActiveCfg = Debug|Any CPU
		{14CC454E-857D-70A7-F403-28168BF3E73C}.Debug|Any CPU.Build.0 = Debug|Any CPU
		{14CC454E-857D-70A7-F403-28168BF3E73C}.Release|Any CPU.ActiveCfg = Release|Any CPU
		{14CC454E-857D-70A7-F403-28168BF3E73C}.Release|Any CPU.Build.0 = Release|Any CPU
		{501660E5-4852-EBD7-E659-2924E75C7711}.Debug|Any CPU.ActiveCfg = Debug|Any CPU
		{501660E5-4852-EBD7-E659-2924E75C7711}.Debug|Any CPU.Build.0 = Debug|Any CPU
		{501660E5-4852-EBD7-E659-2924E75C7711}.Release|Any CPU.ActiveCfg = Release|Any CPU
		{501660E5-4852-EBD7-E659-2924E75C7711}.Release|Any CPU.Build.0 = Release|Any CPU
		{A6A3B918-9F71-FE76-03CE-B5C8A498306D}.Debug|Any CPU.ActiveCfg = Debug|Any CPU
		{A6A3B918-9F71-FE76-03CE-B5C8A498306D}.Debug|Any CPU.Build.0 = Debug|Any CPU
		{A6A3B918-9F71-FE76-03CE-B5C8A498306D}.Release|Any CPU.ActiveCfg = Release|Any CPU
		{A6A3B918-9F71-FE76-03CE-B5C8A498306D}.Release|Any CPU.Build.0 = Release|Any CPU
	EndGlobalSection
	GlobalSection(SolutionProperties) = preSolution
		HideSolutionNode = FALSE
	EndGlobalSection
EndGlobal
